// !$*UTF8*$!
{
	archiveVersion = 1;
	classes = {
	};
	objectVersion = 55;
	objects = {

/* Begin PBXBuildFile section */
		A178D9E9278EC4C20066A545 /* AppDelegate.swift in Sources */ = {isa = PBXBuildFile; fileRef = A178D9E8278EC4C20066A545 /* AppDelegate.swift */; };
		A178D9EB278EC4C20066A545 /* SceneDelegate.swift in Sources */ = {isa = PBXBuildFile; fileRef = A178D9EA278EC4C20066A545 /* SceneDelegate.swift */; };
		A178D9ED278EC4C20066A545 /* MapViewController.swift in Sources */ = {isa = PBXBuildFile; fileRef = A178D9EC278EC4C20066A545 /* MapViewController.swift */; };
		A178D9F0278EC4C20066A545 /* Main.storyboard in Resources */ = {isa = PBXBuildFile; fileRef = A178D9EE278EC4C20066A545 /* Main.storyboard */; };
		A178D9F2278EC4C30066A545 /* Assets.xcassets in Resources */ = {isa = PBXBuildFile; fileRef = A178D9F1278EC4C30066A545 /* Assets.xcassets */; };
		A178D9F5278EC4C30066A545 /* LaunchScreen.storyboard in Resources */ = {isa = PBXBuildFile; fileRef = A178D9F3278EC4C30066A545 /* LaunchScreen.storyboard */; };
/* End PBXBuildFile section */

/* Begin PBXFileReference section */
		A178D9E5278EC4C20066A545 /* MapRouteApp.app */ = {isa = PBXFileReference; explicitFileType = wrapper.application; includeInIndex = 0; path = MapRouteApp.app; sourceTree = BUILT_PRODUCTS_DIR; };
		A178D9E8278EC4C20066A545 /* AppDelegate.swift */ = {isa = PBXFileReference; lastKnownFileType = sourcecode.swift; path = AppDelegate.swift; sourceTree = "<group>"; };
		A178D9EA278EC4C20066A545 /* SceneDelegate.swift */ = {isa = PBXFileReference; lastKnownFileType = sourcecode.swift; path = SceneDelegate.swift; sourceTree = "<group>"; };
		A178D9EC278EC4C20066A545 /* MapViewController.swift */ = {isa = PBXFileReference; lastKnownFileType = sourcecode.swift; path = MapViewController.swift; sourceTree = "<group>"; };
		A178D9EF278EC4C20066A545 /* Base */ = {isa = PBXFileReference; lastKnownFileType = file.storyboard; name = Base; path = Base.lproj/Main.storyboard; sourceTree = "<group>"; };
		A178D9F1278EC4C30066A545 /* Assets.xcassets */ = {isa = PBXFileReference; lastKnownFileType = folder.assetcatalog; path = Assets.xcassets; sourceTree = "<group>"; };
		A178D9F4278EC4C30066A545 /* Base */ = {isa = PBXFileReference; lastKnownFileType = file.storyboard; name = Base; path = Base.lproj/LaunchScreen.storyboard; sourceTree = "<group>"; };
		A178D9F6278EC4C30066A545 /* Info.plist */ = {isa = PBXFileReference; lastKnownFileType = text.plist.xml; path = Info.plist; sourceTree = "<group>"; };
/* End PBXFileReference section */

/* Begin PBXFrameworksBuildPhase section */
		A178D9E2278EC4C20066A545 /* Frameworks */ = {
			isa = PBXFrameworksBuildPhase;
			buildActionMask = 2147483647;
			files = (
			);
			runOnlyForDeploymentPostprocessing = 0;
		};
/* End PBXFrameworksBuildPhase section */

/* Begin PBXGroup section */
		A12FD2F9278F480B00AE1341 /* Resourse */ = {
			isa = PBXGroup;
			children = (
				A178D9E8278EC4C20066A545 /* AppDelegate.swift */,
				A178D9EA278EC4C20066A545 /* SceneDelegate.swift */,
			);
			path = Resourse;
			sourceTree = "<group>";
		};
		A12FD2FA278F481800AE1341 /* ViewControllers */ = {
			isa = PBXGroup;
			children = (
				A178D9EC278EC4C20066A545 /* MapViewController.swift */,
			);
			path = ViewControllers;
			sourceTree = "<group>";
		};
		A12FD2FB278F482A00AE1341 /* Storyboerds */ = {
			isa = PBXGroup;
			children = (
				A178D9EE278EC4C20066A545 /* Main.storyboard */,
				A178D9F3278EC4C30066A545 /* LaunchScreen.storyboard */,
			);
			path = Storyboerds;
			sourceTree = "<group>";
		};
		A12FD2FC278F484400AE1341 /* App */ = {
			isa = PBXGroup;
			children = (
				A178D9F1278EC4C30066A545 /* Assets.xcassets */,
				A178D9F6278EC4C30066A545 /* Info.plist */,
			);
			path = App;
			sourceTree = "<group>";
		};
		A178D9DC278EC4C20066A545 = {
			isa = PBXGroup;
			children = (
				A178D9E7278EC4C20066A545 /* MapRouteApp */,
				A178D9E6278EC4C20066A545 /* Products */,
			);
			sourceTree = "<group>";
		};
		A178D9E6278EC4C20066A545 /* Products */ = {
			isa = PBXGroup;
			children = (
				A178D9E5278EC4C20066A545 /* MapRouteApp.app */,
			);
			name = Products;
			sourceTree = "<group>";
		};
		A178D9E7278EC4C20066A545 /* MapRouteApp */ = {
			isa = PBXGroup;
			children = (
				A12FD2F9278F480B00AE1341 /* Resourse */,
				A12FD2FA278F481800AE1341 /* ViewControllers */,
				A12FD2FB278F482A00AE1341 /* Storyboerds */,
				A12FD2FC278F484400AE1341 /* App */,
			);
			path = MapRouteApp;
			sourceTree = "<group>";
		};
/* End PBXGroup section */

/* Begin PBXNativeTarget section */
		A178D9E4278EC4C20066A545 /* MapRouteApp */ = {
			isa = PBXNativeTarget;
			buildConfigurationList = A178D9F9278EC4C30066A545 /* Build configuration list for PBXNativeTarget "MapRouteApp" */;
			buildPhases = (
				A178D9E1278EC4C20066A545 /* Sources */,
				A178D9E2278EC4C20066A545 /* Frameworks */,
				A178D9E3278EC4C20066A545 /* Resources */,
			);
			buildRules = (
			);
			dependencies = (
			);
			name = MapRouteApp;
			productName = MapRouteApp;
			productReference = A178D9E5278EC4C20066A545 /* MapRouteApp.app */;
			productType = "com.apple.product-type.application";
		};
/* End PBXNativeTarget section */

/* Begin PBXProject section */
		A178D9DD278EC4C20066A545 /* Project object */ = {
			isa = PBXProject;
			attributes = {
				BuildIndependentTargetsInParallel = 1;
				LastSwiftUpdateCheck = 1310;
				LastUpgradeCheck = 1310;
				TargetAttributes = {
					A178D9E4278EC4C20066A545 = {
						CreatedOnToolsVersion = 13.1;
					};
				};
			};
			buildConfigurationList = A178D9E0278EC4C20066A545 /* Build configuration list for PBXProject "MapRouteApp" */;
			compatibilityVersion = "Xcode 13.0";
			developmentRegion = en;
			hasScannedForEncodings = 0;
			knownRegions = (
				en,
				Base,
			);
			mainGroup = A178D9DC278EC4C20066A545;
			productRefGroup = A178D9E6278EC4C20066A545 /* Products */;
			projectDirPath = "";
			projectRoot = "";
			targets = (
				A178D9E4278EC4C20066A545 /* MapRouteApp */,
			);
		};
/* End PBXProject section */

/* Begin PBXResourcesBuildPhase section */
		A178D9E3278EC4C20066A545 /* Resources */ = {
			isa = PBXResourcesBuildPhase;
			buildActionMask = 2147483647;
			files = (
				A178D9F5278EC4C30066A545 /* LaunchScreen.storyboard in Resources */,
				A178D9F2278EC4C30066A545 /* Assets.xcassets in Resources */,
				A178D9F0278EC4C20066A545 /* Main.storyboard in Resources */,
			);
			runOnlyForDeploymentPostprocessing = 0;
		};
/* End PBXResourcesBuildPhase section */

/* Begin PBXSourcesBuildPhase section */
		A178D9E1278EC4C20066A545 /* Sources */ = {
			isa = PBXSourcesBuildPhase;
			buildActionMask = 2147483647;
			files = (
				A178D9ED278EC4C20066A545 /* MapViewController.swift in Sources */,
				A178D9E9278EC4C20066A545 /* AppDelegate.swift in Sources */,
				A178D9EB278EC4C20066A545 /* SceneDelegate.swift in Sources */,
			);
			runOnlyForDeploymentPostprocessing = 0;
		};
/* End PBXSourcesBuildPhase section */

/* Begin PBXVariantGroup section */
		A178D9EE278EC4C20066A545 /* Main.storyboard */ = {
			isa = PBXVariantGroup;
			children = (
				A178D9EF278EC4C20066A545 /* Base */,
			);
			name = Main.storyboard;
			sourceTree = "<group>";
		};
		A178D9F3278EC4C30066A545 /* LaunchScreen.storyboard */ = {
			isa = PBXVariantGroup;
			children = (
				A178D9F4278EC4C30066A545 /* Base */,
			);
			name = LaunchScreen.storyboard;
			sourceTree = "<group>";
		};
/* End PBXVariantGroup section */

/* Begin XCBuildConfiguration section */
		A178D9F7278EC4C30066A545 /* Debug */ = {
			isa = XCBuildConfiguration;
			buildSettings = {
				ALWAYS_SEARCH_USER_PATHS = NO;
				CLANG_ANALYZER_NONNULL = YES;
				CLANG_ANALYZER_NUMBER_OBJECT_CONVERSION = YES_AGGRESSIVE;
				CLANG_CXX_LANGUAGE_STANDARD = "gnu++17";
				CLANG_CXX_LIBRARY = "libc++";
				CLANG_ENABLE_MODULES = YES;
				CLANG_ENABLE_OBJC_ARC = YES;
				CLANG_ENABLE_OBJC_WEAK = YES;
				CLANG_WARN_BLOCK_CAPTURE_AUTORELEASING = YES;
				CLANG_WARN_BOOL_CONVERSION = YES;
				CLANG_WARN_COMMA = YES;
				CLANG_WARN_CONSTANT_CONVERSION = YES;
				CLANG_WARN_DEPRECATED_OBJC_IMPLEMENTATIONS = YES;
				CLANG_WARN_DIRECT_OBJC_ISA_USAGE = YES_ERROR;
				CLANG_WARN_DOCUMENTATION_COMMENTS = YES;
				CLANG_WARN_EMPTY_BODY = YES;
				CLANG_WARN_ENUM_CONVERSION = YES;
				CLANG_WARN_INFINITE_RECURSION = YES;
				CLANG_WARN_INT_CONVERSION = YES;
				CLANG_WARN_NON_LITERAL_NULL_CONVERSION = YES;
				CLANG_WARN_OBJC_IMPLICIT_RETAIN_SELF = YES;
				CLANG_WARN_OBJC_LITERAL_CONVERSION = YES;
				CLANG_WARN_OBJC_ROOT_CLASS = YES_ERROR;
				CLANG_WARN_QUOTED_INCLUDE_IN_FRAMEWORK_HEADER = YES;
				CLANG_WARN_RANGE_LOOP_ANALYSIS = YES;
				CLANG_WARN_STRICT_PROTOTYPES = YES;
				CLANG_WARN_SUSPICIOUS_MOVE = YES;
				CLANG_WARN_UNGUARDED_AVAILABILITY = YES_AGGRESSIVE;
				CLANG_WARN_UNREACHABLE_CODE = YES;
				CLANG_WARN__DUPLICATE_METHOD_MATCH = YES;
				COPY_PHASE_STRIP = NO;
				DEBUG_INFORMATION_FORMAT = dwarf;
				ENABLE_STRICT_OBJC_MSGSEND = YES;
				ENABLE_TESTABILITY = YES;
				GCC_C_LANGUAGE_STANDARD = gnu11;
				GCC_DYNAMIC_NO_PIC = NO;
				GCC_NO_COMMON_BLOCKS = YES;
				GCC_OPTIMIZATION_LEVEL = 0;
				GCC_PREPROCESSOR_DEFINITIONS = (
					"DEBUG=1",
					"$(inherited)",
				);
				GCC_WARN_64_TO_32_BIT_CONVERSION = YES;
				GCC_WARN_ABOUT_RETURN_TYPE = YES_ERROR;
				GCC_WARN_UNDECLARED_SELECTOR = YES;
				GCC_WARN_UNINITIALIZED_AUTOS = YES_AGGRESSIVE;
				GCC_WARN_UNUSED_FUNCTION = YES;
				GCC_WARN_UNUSED_VARIABLE = YES;
				IPHONEOS_DEPLOYMENT_TARGET = 15.0;
				MTL_ENABLE_DEBUG_INFO = INCLUDE_SOURCE;
				MTL_FAST_MATH = YES;
				ONLY_ACTIVE_ARCH = YES;
				SDKROOT = iphoneos;
				SWIFT_ACTIVE_COMPILATION_CONDITIONS = DEBUG;
				SWIFT_OPTIMIZATION_LEVEL = "-Onone";
			};
			name = Debug;
		};
		A178D9F8278EC4C30066A545 /* Release */ = {
			isa = XCBuildConfiguration;
			buildSettings = {
				ALWAYS_SEARCH_USER_PATHS = NO;
				CLANG_ANALYZER_NONNULL = YES;
				CLANG_ANALYZER_NUMBER_OBJECT_CONVERSION = YES_AGGRESSIVE;
				CLANG_CXX_LANGUAGE_STANDARD = "gnu++17";
				CLANG_CXX_LIBRARY = "libc++";
				CLANG_ENABLE_MODULES = YES;
				CLANG_ENABLE_OBJC_ARC = YES;
				CLANG_ENABLE_OBJC_WEAK = YES;
				CLANG_WARN_BLOCK_CAPTURE_AUTORELEASING = YES;
				CLANG_WARN_BOOL_CONVERSION = YES;
				CLANG_WARN_COMMA = YES;
				CLANG_WARN_CONSTANT_CONVERSION = YES;
				CLANG_WARN_DEPRECATED_OBJC_IMPLEMENTATIONS = YES;
				CLANG_WARN_DIRECT_OBJC_ISA_USAGE = YES_ERROR;
				CLANG_WARN_DOCUMENTATION_COMMENTS = YES;
				CLANG_WARN_EMPTY_BODY = YES;
				CLANG_WARN_ENUM_CONVERSION = YES;
				CLANG_WARN_INFINITE_RECURSION = YES;
				CLANG_WARN_INT_CONVERSION = YES;
				CLANG_WARN_NON_LITERAL_NULL_CONVERSION = YES;
				CLANG_WARN_OBJC_IMPLICIT_RETAIN_SELF = YES;
				CLANG_WARN_OBJC_LITERAL_CONVERSION = YES;
				CLANG_WARN_OBJC_ROOT_CLASS = YES_ERROR;
				CLANG_WARN_QUOTED_INCLUDE_IN_FRAMEWORK_HEADER = YES;
				CLANG_WARN_RANGE_LOOP_ANALYSIS = YES;
				CLANG_WARN_STRICT_PROTOTYPES = YES;
				CLANG_WARN_SUSPICIOUS_MOVE = YES;
				CLANG_WARN_UNGUARDED_AVAILABILITY = YES_AGGRESSIVE;
				CLANG_WARN_UNREACHABLE_CODE = YES;
				CLANG_WARN__DUPLICATE_METHOD_MATCH = YES;
				COPY_PHASE_STRIP = NO;
				DEBUG_INFORMATION_FORMAT = "dwarf-with-dsym";
				ENABLE_NS_ASSERTIONS = NO;
				ENABLE_STRICT_OBJC_MSGSEND = YES;
				GCC_C_LANGUAGE_STANDARD = gnu11;
				GCC_NO_COMMON_BLOCKS = YES;
				GCC_WARN_64_TO_32_BIT_CONVERSION = YES;
				GCC_WARN_ABOUT_RETURN_TYPE = YES_ERROR;
				GCC_WARN_UNDECLARED_SELECTOR = YES;
				GCC_WARN_UNINITIALIZED_AUTOS = YES_AGGRESSIVE;
				GCC_WARN_UNUSED_FUNCTION = YES;
				GCC_WARN_UNUSED_VARIABLE = YES;
				IPHONEOS_DEPLOYMENT_TARGET = 15.0;
				MTL_ENABLE_DEBUG_INFO = NO;
				MTL_FAST_MATH = YES;
				SDKROOT = iphoneos;
				SWIFT_COMPILATION_MODE = wholemodule;
				SWIFT_OPTIMIZATION_LEVEL = "-O";
				VALIDATE_PRODUCT = YES;
			};
			name = Release;
		};
		A178D9FA278EC4C30066A545 /* Debug */ = {
			isa = XCBuildConfiguration;
			buildSettings = {
				ASSETCATALOG_COMPILER_APPICON_NAME = AppIcon;
				ASSETCATALOG_COMPILER_GLOBAL_ACCENT_COLOR_NAME = AccentColor;
				CODE_SIGN_STYLE = Automatic;
				CURRENT_PROJECT_VERSION = 1;
				DEVELOPMENT_TEAM = HDWNKQ472C;
				GENERATE_INFOPLIST_FILE = YES;
				INFOPLIST_FILE = MapRouteApp/App/Info.plist;
				INFOPLIST_KEY_UIApplicationSupportsIndirectInputEvents = YES;
				INFOPLIST_KEY_UILaunchStoryboardName = LaunchScreen;
				INFOPLIST_KEY_UIMainStoryboardFile = Main;
				INFOPLIST_KEY_UISupportedInterfaceOrientations_iPad = "UIInterfaceOrientationPortrait UIInterfaceOrientationPortraitUpsideDown UIInterfaceOrientationLandscapeLeft UIInterfaceOrientationLandscapeRight";
				INFOPLIST_KEY_UISupportedInterfaceOrientations_iPhone = "UIInterfaceOrientationPortrait UIInterfaceOrientationLandscapeLeft UIInterfaceOrientationLandscapeRight";
				LD_RUNPATH_SEARCH_PATHS = (
					"$(inherited)",
					"@executable_path/Frameworks",
				);
				MARKETING_VERSION = 1.0;
				PRODUCT_BUNDLE_IDENTIFIER = Nikita12G.MapRouteApp;
				PRODUCT_NAME = "$(TARGET_NAME)";
				SWIFT_EMIT_LOC_STRINGS = YES;
				SWIFT_VERSION = 5.0;
				TARGETED_DEVICE_FAMILY = "1,2";
			};
			name = Debug;
		};
		A178D9FB278EC4C30066A545 /* Release */ = {
			isa = XCBuildConfiguration;
			buildSettings = {
				ASSETCATALOG_COMPILER_APPICON_NAME = AppIcon;
				ASSETCATALOG_COMPILER_GLOBAL_ACCENT_COLOR_NAME = AccentColor;
				CODE_SIGN_STYLE = Automatic;
				CURRENT_PROJECT_VERSION = 1;
				DEVELOPMENT_TEAM = HDWNKQ472C;
				GENERATE_INFOPLIST_FILE = YES;
				INFOPLIST_FILE = MapRouteApp/App/Info.plist;
				INFOPLIST_KEY_UIApplicationSupportsIndirectInputEvents = YES;
				INFOPLIST_KEY_UILaunchStoryboardName = LaunchScreen;
				INFOPLIST_KEY_UIMainStoryboardFile = Main;
				INFOPLIST_KEY_UISupportedInterfaceOrientations_iPad = "UIInterfaceOrientationPortrait UIInterfaceOrientationPortraitUpsideDown UIInterfaceOrientationLandscapeLeft UIInterfaceOrientationLandscapeRight";
				INFOPLIST_KEY_UISupportedInterfaceOrientations_iPhone = "UIInterfaceOrientationPortrait UIInterfaceOrientationLandscapeLeft UIInterfaceOrientationLandscapeRight";
				LD_RUNPATH_SEARCH_PATHS = (
					"$(inherited)",
					"@executable_path/Frameworks",
				);
				MARKETING_VERSION = 1.0;
				PRODUCT_BUNDLE_IDENTIFIER = Nikita12G.MapRouteApp;
				PRODUCT_NAME = "$(TARGET_NAME)";
				SWIFT_EMIT_LOC_STRINGS = YES;
				SWIFT_VERSION = 5.0;
				TARGETED_DEVICE_FAMILY = "1,2";
			};
			name = Release;
		};
/* End XCBuildConfiguration section */

/* Begin XCConfigurationList section */
		A178D9E0278EC4C20066A545 /* Build configuration list for PBXProject "MapRouteApp" */ = {
			isa = XCConfigurationList;
			buildConfigurations = (
				A178D9F7278EC4C30066A545 /* Debug */,
				A178D9F8278EC4C30066A545 /* Release */,
			);
			defaultConfigurationIsVisible = 0;
			defaultConfigurationName = Release;
		};
		A178D9F9278EC4C30066A545 /* Build configuration list for PBXNativeTarget "MapRouteApp" */ = {
			isa = XCConfigurationList;
			buildConfigurations = (
				A178D9FA278EC4C30066A545 /* Debug */,
				A178D9FB278EC4C30066A545 /* Release */,
			);
			defaultConfigurationIsVisible = 0;
			defaultConfigurationName = Release;
		};
/* End XCConfigurationList section */
	};
	rootObject = A178D9DD278EC4C20066A545 /* Project object */;
}
